Microsoft Visual Studio Solution File, Format Version 12.00
# Visual Studio 2012
Project("{FAE04EC0-301F-11D3-BF4B-00C04F79EFBC}") = "FirstGame", "FirstGame.csproj", "{AB0E5B23-A51B-45F5-B68E-74DC0C075281}"
EndProject
Global
	GlobalSection(SolutionConfigurationPlatforms) = preSolution
	Debug|Any CPU = Debug|Any CPU
	ExportDebug|Any CPU = ExportDebug|Any CPU
	ExportRelease|Any CPU = ExportRelease|Any CPU
	EndGlobalSection
	GlobalSection(ProjectConfigurationPlatforms) = postSolution
		{AB0E5B23-A51B-45F5-B68E-74DC0C075281}.Debug|Any CPU.ActiveCfg = Debug|Any CPU
		{AB0E5B23-A51B-45F5-B68E-74DC0C075281}.Debug|Any CPU.Build.0 = Debug|Any CPU
		{AB0E5B23-A51B-45F5-B68E-74DC0C075281}.ExportDebug|Any CPU.ActiveCfg = ExportDebug|Any CPU
		{AB0E5B23-A51B-45F5-B68E-74DC0C075281}.ExportDebug|Any CPU.Build.0 = ExportDebug|Any CPU
		{AB0E5B23-A51B-45F5-B68E-74DC0C075281}.ExportRelease|Any CPU.ActiveCfg = ExportRelease|Any CPU
		{AB0E5B23-A51B-45F5-B68E-74DC0C075281}.ExportRelease|Any CPU.Build.0 = ExportRelease|Any CPU
	EndGlobalSection
EndGlobal
